
Microsoft Visual Studio Solution File, Format Version 12.00
# Visual Studio Version 17
VisualStudioVersion = 17.5.002.0
MinimumVisualStudioVersion = 10.0.40219.1
Project("{2150E333-8FDC-42A3-9474-1A3956D46DE8}") = "plugin-src", "plugin-src", "{8DAB9540-A86D-4C8B-B678-ED9C6EC12D92}"
EndProject
Project("{9A19103F-16F7-4668-BE54-9A1E7A4F7556}") = "myplugins", "plugin-src\myplugins\myplugins.csproj", "{5AB957FB-DCB4-496C-8E2F-E836E02BE591}"
EndProject
Global
	GlobalSection(SolutionConfigurationPlatforms) = preSolution
		Debug|Any CPU = Debug|Any CPU
		Release|Any CPU = Release|Any CPU
	EndGlobalSection
	GlobalSection(ProjectConfigurationPlatforms) = postSolution
		{5AB957FB-DCB4-496C-8E2F-E836E02BE591}.Debug|Any CPU.ActiveCfg = Debug|Any CPU
		{5AB957FB-DCB4-496C-8E2F-E836E02BE591}.Debug|Any CPU.Build.0 = Debug|Any CPU
		{5AB957FB-DCB4-496C-8E2F-E836E02BE591}.Release|Any CPU.ActiveCfg = Release|Any CPU
		{5AB957FB-DCB4-496C-8E2F-E836E02BE591}.Release|Any CPU.Build.0 = Release|Any CPU
	EndGlobalSection
	GlobalSection(SolutionProperties) = preSolution
		HideSolutionNode = FALSE
	EndGlobalSection
	GlobalSection(NestedProjects) = preSolution
		{5AB957FB-DCB4-496C-8E2F-E836E02BE591} = {8DAB9540-A86D-4C8B-B678-ED9C6EC12D92}
	EndGlobalSection
	GlobalSection(ExtensibilityGlobals) = postSolution
		SolutionGuid = {2BE3F8EA-1400-4A52-A134-B3C43EC96A9E}
	EndGlobalSection
EndGlobal
