
Microsoft Visual Studio Solution File, Format Version 12.00
# Visual Studio Version 17
VisualStudioVersion = 17.5.002.0
MinimumVisualStudioVersion = 10.0.40219.1
Project("{2150E333-8FDC-42A3-9474-1A3956D46DE8}") = "plugin-src", "plugin-src", "{510FF9AC-6684-41A5-B510-8A664885583C}"
EndProject
Project("{9A19103F-16F7-4668-BE54-9A1E7A4F7556}") = "myplugins", "plugin-src\myplugins\myplugins.csproj", "{952CEBCC-6CC3-46B2-B121-CD34734EAF07}"
EndProject
Global
	GlobalSection(SolutionConfigurationPlatforms) = preSolution
		Debug|Any CPU = Debug|Any CPU
		Release|Any CPU = Release|Any CPU
	EndGlobalSection
	GlobalSection(ProjectConfigurationPlatforms) = postSolution
		{952CEBCC-6CC3-46B2-B121-CD34734EAF07}.Debug|Any CPU.ActiveCfg = Debug|Any CPU
		{952CEBCC-6CC3-46B2-B121-CD34734EAF07}.Debug|Any CPU.Build.0 = Debug|Any CPU
		{952CEBCC-6CC3-46B2-B121-CD34734EAF07}.Release|Any CPU.ActiveCfg = Release|Any CPU
		{952CEBCC-6CC3-46B2-B121-CD34734EAF07}.Release|Any CPU.Build.0 = Release|Any CPU
	EndGlobalSection
	GlobalSection(SolutionProperties) = preSolution
		HideSolutionNode = FALSE
	EndGlobalSection
	GlobalSection(NestedProjects) = preSolution
		{952CEBCC-6CC3-46B2-B121-CD34734EAF07} = {510FF9AC-6684-41A5-B510-8A664885583C}
	EndGlobalSection
	GlobalSection(ExtensibilityGlobals) = postSolution
		SolutionGuid = {8F0D0F61-333A-4D72-8C4D-976A7BF8D2F1}
	EndGlobalSection
EndGlobal
